
Microsoft Visual Studio Solution File, Format Version 12.00
# Visual Studio 15
Project("{FAE04EC0-301F-11D3-BF4B-00C04F79EFBC}") = "Unity.XR.Interaction.Toolkit.Samples.StarterAssets", "Unity.XR.Interaction.Toolkit.Samples.StarterAssets.csproj", "{0A7F4E55-BF8D-521B-4A19-3459A16C5076}"
EndProject
Project("{FAE04EC0-301F-11D3-BF4B-00C04F79EFBC}") = "Unity.XR.Interaction.Toolkit.Samples.StarterAssets.Editor", "Unity.XR.Interaction.Toolkit.Samples.StarterAssets.Editor.csproj", "{655178F4-BA1C-967E-FA01-9C07D90F5F28}"
EndProject
Project("{FAE04EC0-301F-11D3-BF4B-00C04F79EFBC}") = "Assembly-CSharp", "Assembly-CSharp.csproj", "{3CDB7F49-C73B-7012-34A1-04A0E3721F66}"
EndProject
Global
	GlobalSection(SolutionConfigurationPlatforms) = preSolution
		Debug|Any CPU = Debug|Any CPU
		Release|Any CPU = Release|Any CPU
	EndGlobalSection
	GlobalSection(ProjectConfigurationPlatforms) = postSolution
		{0A7F4E55-BF8D-521B-4A19-3459A16C5076}.Debug|Any CPU.ActiveCfg = Debug|Any CPU
		{0A7F4E55-BF8D-521B-4A19-3459A16C5076}.Debug|Any CPU.Build.0 = Debug|Any CPU
		{0A7F4E55-BF8D-521B-4A19-3459A16C5076}.Release|Any CPU.ActiveCfg = Release|Any CPU
		{0A7F4E55-BF8D-521B-4A19-3459A16C5076}.Release|Any CPU.Build.0 = Release|Any CPU
		{655178F4-BA1C-967E-FA01-9C07D90F5F28}.Debug|Any CPU.ActiveCfg = Debug|Any CPU
		{655178F4-BA1C-967E-FA01-9C07D90F5F28}.Debug|Any CPU.Build.0 = Debug|Any CPU
		{655178F4-BA1C-967E-FA01-9C07D90F5F28}.Release|Any CPU.ActiveCfg = Release|Any CPU
		{655178F4-BA1C-967E-FA01-9C07D90F5F28}.Release|Any CPU.Build.0 = Release|Any CPU
		{3CDB7F49-C73B-7012-34A1-04A0E3721F66}.Debug|Any CPU.ActiveCfg = Debug|Any CPU
		{3CDB7F49-C73B-7012-34A1-04A0E3721F66}.Debug|Any CPU.Build.0 = Debug|Any CPU
		{3CDB7F49-C73B-7012-34A1-04A0E3721F66}.Release|Any CPU.ActiveCfg = Release|Any CPU
		{3CDB7F49-C73B-7012-34A1-04A0E3721F66}.Release|Any CPU.Build.0 = Release|Any CPU
	EndGlobalSection
	GlobalSection(SolutionProperties) = preSolution
		HideSolutionNode = FALSE
	EndGlobalSection
EndGlobal
